{
  "name": "pdftotiff",
  "version": "1.0.0",
  "lockfileVersion": 1,
  "requires": true,
  "dependencies": {
    "pdftoimage": {
      "version": "1.0.0",
      "resolved": "https://registry.npmjs.org/pdftoimage/-/pdftoimage-1.0.0.tgz",
      "integrity": "sha1-yNey/Ncpl7MOWs4bft7XXwNEiIk="
    }
  }
}
